{
  "name": "jawakrama",
  "version": "1.0.0",
  "lockfileVersion": 3,
  "requires": true,
  "packages": {
    "": {
      "name": "jawakrama",
      "version": "1.0.0",
      "license": "GPL-3.0",
      "bin": {
        "jawa": "pustaka/bin/jawakrama",
        "jawakrama": "pustaka/bin/jawakrama",
        "mlyu": "pustaka/bin/jawakrama"
      }
    }
  }
}
